
Microsoft Visual Studio Solution File, Format Version 12.00
# Visual Studio Version 17
VisualStudioVersion = 17.2.32526.322
MinimumVisualStudioVersion = 10.0.40219.1
Project("{9A19103F-16F7-4668-BE54-9A1E7A4F7556}") = "Maqta.API", "Maqta.API\Maqta.API.csproj", "{5A161679-E6B7-4462-94A4-902565E257F2}"
EndProject
Project("{FAE04EC0-301F-11D3-BF4B-00C04F79EFBC}") = "Maqta.API.Tests", "Maqta.API.Tests\Maqta.API.Tests.csproj", "{C6A56F8C-A53F-4398-92F8-0DC9B466B622}"
EndProject
Global
	GlobalSection(SolutionConfigurationPlatforms) = preSolution
		Debug|Any CPU = Debug|Any CPU
		Release|Any CPU = Release|Any CPU
	EndGlobalSection
	GlobalSection(ProjectConfigurationPlatforms) = postSolution
		{5A161679-E6B7-4462-94A4-902565E257F2}.Debug|Any CPU.ActiveCfg = Debug|Any CPU
		{5A161679-E6B7-4462-94A4-902565E257F2}.Debug|Any CPU.Build.0 = Debug|Any CPU
		{5A161679-E6B7-4462-94A4-902565E257F2}.Release|Any CPU.ActiveCfg = Release|Any CPU
		{5A161679-E6B7-4462-94A4-902565E257F2}.Release|Any CPU.Build.0 = Release|Any CPU
		{C6A56F8C-A53F-4398-92F8-0DC9B466B622}.Debug|Any CPU.ActiveCfg = Debug|Any CPU
		{C6A56F8C-A53F-4398-92F8-0DC9B466B622}.Debug|Any CPU.Build.0 = Debug|Any CPU
		{C6A56F8C-A53F-4398-92F8-0DC9B466B622}.Release|Any CPU.ActiveCfg = Release|Any CPU
		{C6A56F8C-A53F-4398-92F8-0DC9B466B622}.Release|Any CPU.Build.0 = Release|Any CPU
	EndGlobalSection
	GlobalSection(SolutionProperties) = preSolution
		HideSolutionNode = FALSE
	EndGlobalSection
	GlobalSection(ExtensibilityGlobals) = postSolution
		SolutionGuid = {23E13124-0323-4CF2-828C-9BD6A7DCA0B4}
	EndGlobalSection
EndGlobal
